
Microsoft Visual Studio Solution File, Format Version 12.00
# Visual Studio Version 17
VisualStudioVersion = 17.6.33829.357
MinimumVisualStudioVersion = 10.0.40219.1
Project("{FAE04EC0-301F-11D3-BF4B-00C04F79EFBC}") = "FlowerShopNew", "FlowerShopNew\FlowerShopNew.csproj", "{3FAC5C14-A9E1-4C78-8A45-311D5319AA5F}"
EndProject
Global
	GlobalSection(SolutionConfigurationPlatforms) = preSolution
		Debug|Any CPU = Debug|Any CPU
		Release|Any CPU = Release|Any CPU
	EndGlobalSection
	GlobalSection(ProjectConfigurationPlatforms) = postSolution
		{3FAC5C14-A9E1-4C78-8A45-311D5319AA5F}.Debug|Any CPU.ActiveCfg = Debug|Any CPU
		{3FAC5C14-A9E1-4C78-8A45-311D5319AA5F}.Debug|Any CPU.Build.0 = Debug|Any CPU
		{3FAC5C14-A9E1-4C78-8A45-311D5319AA5F}.Release|Any CPU.ActiveCfg = Release|Any CPU
		{3FAC5C14-A9E1-4C78-8A45-311D5319AA5F}.Release|Any CPU.Build.0 = Release|Any CPU
	EndGlobalSection
	GlobalSection(SolutionProperties) = preSolution
		HideSolutionNode = FALSE
	EndGlobalSection
	GlobalSection(ExtensibilityGlobals) = postSolution
		SolutionGuid = {3E7C0CF0-215A-41FE-8599-C4A54C1D60B8}
	EndGlobalSection
EndGlobal
